
Microsoft Visual Studio Solution File, Format Version 12.00
# Visual Studio Version 17
VisualStudioVersion = 17.3.32804.467
MinimumVisualStudioVersion = 10.0.40219.1
Project("{FAE04EC0-301F-11D3-BF4B-00C04F79EFBC}") = "zoo-m", "zoo-m\zoo-m.csproj", "{28BA2CDA-BC95-4417-AE4A-503EBBD5B2EA}"
EndProject
Global
	GlobalSection(SolutionConfigurationPlatforms) = preSolution
		Debug|Any CPU = Debug|Any CPU
		Release|Any CPU = Release|Any CPU
	EndGlobalSection
	GlobalSection(ProjectConfigurationPlatforms) = postSolution
		{28BA2CDA-BC95-4417-AE4A-503EBBD5B2EA}.Debug|Any CPU.ActiveCfg = Debug|Any CPU
		{28BA2CDA-BC95-4417-AE4A-503EBBD5B2EA}.Debug|Any CPU.Build.0 = Debug|Any CPU
		{28BA2CDA-BC95-4417-AE4A-503EBBD5B2EA}.Release|Any CPU.ActiveCfg = Release|Any CPU
		{28BA2CDA-BC95-4417-AE4A-503EBBD5B2EA}.Release|Any CPU.Build.0 = Release|Any CPU
	EndGlobalSection
	GlobalSection(SolutionProperties) = preSolution
		HideSolutionNode = FALSE
	EndGlobalSection
	GlobalSection(ExtensibilityGlobals) = postSolution
		SolutionGuid = {49CE2942-8580-4BB1-87F8-25242D1F848F}
	EndGlobalSection
EndGlobal
